
Microsoft Visual Studio Solution File, Format Version 12.00
# Visual Studio Version 17
VisualStudioVersion = 17.10.35027.167
MinimumVisualStudioVersion = 10.0.40219.1
Project("{9A19103F-16F7-4668-BE54-9A1E7A4F7556}") = "client", "client\client.csproj", "{5EA72869-B75D-4BDF-9FA7-FC220E8EBC62}"
EndProject
Project("{9A19103F-16F7-4668-BE54-9A1E7A4F7556}") = "server", "server\server.csproj", "{5B674308-545A-4A3F-9755-3AA25E874AA6}"
EndProject
Project("{FAE04EC0-301F-11D3-BF4B-00C04F79EFBC}") = "Data", "Data\Data.csproj", "{684CCB9F-2B14-4C9E-B5B5-6CE6D6FCE803}"
EndProject
Project("{FAE04EC0-301F-11D3-BF4B-00C04F79EFBC}") = "AIS_Server", "AIS_Server\AIS_Server.csproj", "{320E15A0-61F6-4274-BABF-F87B1A6A63F3}"
EndProject
Global
	GlobalSection(SolutionConfigurationPlatforms) = preSolution
		Debug|Any CPU = Debug|Any CPU
		Release|Any CPU = Release|Any CPU
	EndGlobalSection
	GlobalSection(ProjectConfigurationPlatforms) = postSolution
		{5EA72869-B75D-4BDF-9FA7-FC220E8EBC62}.Debug|Any CPU.ActiveCfg = Debug|Any CPU
		{5EA72869-B75D-4BDF-9FA7-FC220E8EBC62}.Debug|Any CPU.Build.0 = Debug|Any CPU
		{5EA72869-B75D-4BDF-9FA7-FC220E8EBC62}.Release|Any CPU.ActiveCfg = Release|Any CPU
		{5EA72869-B75D-4BDF-9FA7-FC220E8EBC62}.Release|Any CPU.Build.0 = Release|Any CPU
		{5B674308-545A-4A3F-9755-3AA25E874AA6}.Debug|Any CPU.ActiveCfg = Debug|Any CPU
		{5B674308-545A-4A3F-9755-3AA25E874AA6}.Debug|Any CPU.Build.0 = Debug|Any CPU
		{5B674308-545A-4A3F-9755-3AA25E874AA6}.Release|Any CPU.ActiveCfg = Release|Any CPU
		{5B674308-545A-4A3F-9755-3AA25E874AA6}.Release|Any CPU.Build.0 = Release|Any CPU
		{684CCB9F-2B14-4C9E-B5B5-6CE6D6FCE803}.Debug|Any CPU.ActiveCfg = Debug|Any CPU
		{684CCB9F-2B14-4C9E-B5B5-6CE6D6FCE803}.Debug|Any CPU.Build.0 = Debug|Any CPU
		{684CCB9F-2B14-4C9E-B5B5-6CE6D6FCE803}.Release|Any CPU.ActiveCfg = Release|Any CPU
		{684CCB9F-2B14-4C9E-B5B5-6CE6D6FCE803}.Release|Any CPU.Build.0 = Release|Any CPU
		{320E15A0-61F6-4274-BABF-F87B1A6A63F3}.Debug|Any CPU.ActiveCfg = Debug|Any CPU
		{320E15A0-61F6-4274-BABF-F87B1A6A63F3}.Debug|Any CPU.Build.0 = Debug|Any CPU
		{320E15A0-61F6-4274-BABF-F87B1A6A63F3}.Release|Any CPU.ActiveCfg = Release|Any CPU
		{320E15A0-61F6-4274-BABF-F87B1A6A63F3}.Release|Any CPU.Build.0 = Release|Any CPU
	EndGlobalSection
	GlobalSection(SolutionProperties) = preSolution
		HideSolutionNode = FALSE
	EndGlobalSection
	GlobalSection(ExtensibilityGlobals) = postSolution
		SolutionGuid = {4A0D7963-1761-493F-87C1-A6E1618191D8}
	EndGlobalSection
EndGlobal
